
Microsoft Visual Studio Solution File, Format Version 12.00
Project("{FAE04EC0-301F-11D3-BF4B-00C04F79EFBC}") = "ClientsWebApi_v2", "ClientsWebApi_v2.csproj", "{BB14F7FD-586D-4E83-B27B-8E26F8BE2C54}"
EndProject
Global
	GlobalSection(SolutionConfigurationPlatforms) = preSolution
		Debug|Any CPU = Debug|Any CPU
		Release|Any CPU = Release|Any CPU
	EndGlobalSection
	GlobalSection(ProjectConfigurationPlatforms) = postSolution
		{BB14F7FD-586D-4E83-B27B-8E26F8BE2C54}.Debug|Any CPU.ActiveCfg = Debug|Any CPU
		{BB14F7FD-586D-4E83-B27B-8E26F8BE2C54}.Debug|Any CPU.Build.0 = Debug|Any CPU
		{BB14F7FD-586D-4E83-B27B-8E26F8BE2C54}.Release|Any CPU.ActiveCfg = Release|Any CPU
		{BB14F7FD-586D-4E83-B27B-8E26F8BE2C54}.Release|Any CPU.Build.0 = Release|Any CPU
	EndGlobalSection
EndGlobal
